// !$*UTF8*$!
{
	archiveVersion = 1;
	classes = {
	};
	objectVersion = 46;
	objects = {

/* Begin PBXBuildFile section */
		E21EACB71952A8A300C86B2D /* Foundation.framework in Frameworks */ = {isa = PBXBuildFile; fileRef = E21EACB61952A8A300C86B2D /* Foundation.framework */; };
		E21EACB91952A8A300C86B2D /* CoreGraphics.framework in Frameworks */ = {isa = PBXBuildFile; fileRef = E21EACB81952A8A300C86B2D /* CoreGraphics.framework */; };
		E21EACBB1952A8A300C86B2D /* UIKit.framework in Frameworks */ = {isa = PBXBuildFile; fileRef = E21EACBA1952A8A300C86B2D /* UIKit.framework */; };
		E21EACC11952A8A300C86B2D /* InfoPlist.strings in Resources */ = {isa = PBXBuildFile; fileRef = E21EACBF1952A8A300C86B2D /* InfoPlist.strings */; };
		E21EACC31952A8A300C86B2D /* main.m in Sources */ = {isa = PBXBuildFile; fileRef = E21EACC21952A8A300C86B2D /* main.m */; };
		E21EACC71952A8A300C86B2D /* ExAppDelegate.m in Sources */ = {isa = PBXBuildFile; fileRef = E21EACC61952A8A300C86B2D /* ExAppDelegate.m */; };
		E21EACCA1952A8A300C86B2D /* Main.storyboard in Resources */ = {isa = PBXBuildFile; fileRef = E21EACC81952A8A300C86B2D /* Main.storyboard */; };
		E21EACCD1952A8A300C86B2D /* ExViewController.m in Sources */ = {isa = PBXBuildFile; fileRef = E21EACCC1952A8A300C86B2D /* ExViewController.m */; };
		E21EACCF1952A8A300C86B2D /* Images.xcassets in Resources */ = {isa = PBXBuildFile; fileRef = E21EACCE1952A8A300C86B2D /* Images.xcassets */; };
		E21EACD61952A8A400C86B2D /* XCTest.framework in Frameworks */ = {isa = PBXBuildFile; fileRef = E21EACD51952A8A400C86B2D /* XCTest.framework */; };
		E21EACD71952A8A400C86B2D /* Foundation.framework in Frameworks */ = {isa = PBXBuildFile; fileRef = E21EACB61952A8A300C86B2D /* Foundation.framework */; };
		E21EACD81952A8A400C86B2D /* UIKit.framework in Frameworks */ = {isa = PBXBuildFile; fileRef = E21EACBA1952A8A300C86B2D /* UIKit.framework */; };
		E21EACE01952A8A400C86B2D /* InfoPlist.strings in Resources */ = {isa = PBXBuildFile; fileRef = E21EACDE1952A8A400C86B2D /* InfoPlist.strings */; };
		E21EACE21952A8A400C86B2D /* TestApp2Tests.m in Sources */ = {isa = PBXBuildFile; fileRef = E21EACE11952A8A400C86B2D /* TestApp2Tests.m */; };
/* End PBXBuildFile section */

/* Begin PBXContainerItemProxy section */
		E21EACD91952A8A400C86B2D /* PBXContainerItemProxy */ = {
			isa = PBXContainerItemProxy;
			containerPortal = E21EACAB1952A8A300C86B2D /* Project object */;
			proxyType = 1;
			remoteGlobalIDString = E21EACB21952A8A300C86B2D;
			remoteInfo = TestApp2;
		};
/* End PBXContainerItemProxy section */

/* Begin PBXFileReference section */
		E21EACB31952A8A300C86B2D /* TestApp2.app */ = {isa = PBXFileReference; explicitFileType = wrapper.application; includeInIndex = 0; path = TestApp2.app; sourceTree = BUILT_PRODUCTS_DIR; };
		E21EACB61952A8A300C86B2D /* Foundation.framework */ = {isa = PBXFileReference; lastKnownFileType = wrapper.framework; name = Foundation.framework; path = System/Library/Frameworks/Foundation.framework; sourceTree = SDKROOT; };
		E21EACB81952A8A300C86B2D /* CoreGraphics.framework */ = {isa = PBXFileReference; lastKnownFileType = wrapper.framework; name = CoreGraphics.framework; path = System/Library/Frameworks/CoreGraphics.framework; sourceTree = SDKROOT; };
		E21EACBA1952A8A300C86B2D /* UIKit.framework */ = {isa = PBXFileReference; lastKnownFileType = wrapper.framework; name = UIKit.framework; path = System/Library/Frameworks/UIKit.framework; sourceTree = SDKROOT; };
		E21EACBE1952A8A300C86B2D /* TestApp2-Info.plist */ = {isa = PBXFileReference; lastKnownFileType = text.plist.xml; path = "TestApp2-Info.plist"; sourceTree = "<group>"; };
		E21EACC01952A8A300C86B2D /* en */ = {isa = PBXFileReference; lastKnownFileType = text.plist.strings; name = en; path = en.lproj/InfoPlist.strings; sourceTree = "<group>"; };
		E21EACC21952A8A300C86B2D /* main.m */ = {isa = PBXFileReference; lastKnownFileType = sourcecode.c.objc; path = main.m; sourceTree = "<group>"; };
		E21EACC41952A8A300C86B2D /* TestApp2-Prefix.pch */ = {isa = PBXFileReference; lastKnownFileType = sourcecode.c.h; path = "TestApp2-Prefix.pch"; sourceTree = "<group>"; };
		E21EACC51952A8A300C86B2D /* ExAppDelegate.h */ = {isa = PBXFileReference; lastKnownFileType = sourcecode.c.h; path = ExAppDelegate.h; sourceTree = "<group>"; };
		E21EACC61952A8A300C86B2D /* ExAppDelegate.m */ = {isa = PBXFileReference; lastKnownFileType = sourcecode.c.objc; path = ExAppDelegate.m; sourceTree = "<group>"; };
		E21EACC91952A8A300C86B2D /* Base */ = {isa = PBXFileReference; lastKnownFileType = file.storyboard; name = Base; path = Base.lproj/Main.storyboard; sourceTree = "<group>"; };
		E21EACCB1952A8A300C86B2D /* ExViewController.h */ = {isa = PBXFileReference; lastKnownFileType = sourcecode.c.h; path = ExViewController.h; sourceTree = "<group>"; };
		E21EACCC1952A8A300C86B2D /* ExViewController.m */ = {isa = PBXFileReference; lastKnownFileType = sourcecode.c.objc; path = ExViewController.m; sourceTree = "<group>"; };
		E21EACCE1952A8A300C86B2D /* Images.xcassets */ = {isa = PBXFileReference; lastKnownFileType = folder.assetcatalog; path = Images.xcassets; sourceTree = "<group>"; };
		E21EACD41952A8A400C86B2D /* TestApp2Tests.xctest */ = {isa = PBXFileReference; explicitFileType = wrapper.cfbundle; includeInIndex = 0; path = TestApp2Tests.xctest; sourceTree = BUILT_PRODUCTS_DIR; };
		E21EACD51952A8A400C86B2D /* XCTest.framework */ = {isa = PBXFileReference; lastKnownFileType = wrapper.framework; name = XCTest.framework; path = Library/Frameworks/XCTest.framework; sourceTree = DEVELOPER_DIR; };
		E21EACDD1952A8A400C86B2D /* TestApp2Tests-Info.plist */ = {isa = PBXFileReference; lastKnownFileType = text.plist.xml; path = "TestApp2Tests-Info.plist"; sourceTree = "<group>"; };
		E21EACDF1952A8A400C86B2D /* en */ = {isa = PBXFileReference; lastKnownFileType = text.plist.strings; name = en; path = en.lproj/InfoPlist.strings; sourceTree = "<group>"; };
		E21EACE11952A8A400C86B2D /* TestApp2Tests.m */ = {isa = PBXFileReference; lastKnownFileType = sourcecode.c.objc; path = TestApp2Tests.m; sourceTree = "<group>"; };
/* End PBXFileReference section */

/* Begin PBXFrameworksBuildPhase section */
		E21EACB01952A8A300C86B2D /* Frameworks */ = {
			isa = PBXFrameworksBuildPhase;
			buildActionMask = 2147483647;
			files = (
				E21EACB91952A8A300C86B2D /* CoreGraphics.framework in Frameworks */,
				E21EACBB1952A8A300C86B2D /* UIKit.framework in Frameworks */,
				E21EACB71952A8A300C86B2D /* Foundation.framework in Frameworks */,
			);
			runOnlyForDeploymentPostprocessing = 0;
		};
		E21EACD11952A8A400C86B2D /* Frameworks */ = {
			isa = PBXFrameworksBuildPhase;
			buildActionMask = 2147483647;
			files = (
				E21EACD61952A8A400C86B2D /* XCTest.framework in Frameworks */,
				E21EACD81952A8A400C86B2D /* UIKit.framework in Frameworks */,
				E21EACD71952A8A400C86B2D /* Foundation.framework in Frameworks */,
			);
			runOnlyForDeploymentPostprocessing = 0;
		};
/* End PBXFrameworksBuildPhase section */

/* Begin PBXGroup section */
		E21EACAA1952A8A300C86B2D = {
			isa = PBXGroup;
			children = (
				E21EACBC1952A8A300C86B2D /* TestApp2 */,
				E21EACDB1952A8A400C86B2D /* TestApp2Tests */,
				E21EACB51952A8A300C86B2D /* Frameworks */,
				E21EACB41952A8A300C86B2D /* Products */,
			);
			sourceTree = "<group>";
		};
		E21EACB41952A8A300C86B2D /* Products */ = {
			isa = PBXGroup;
			children = (
				E21EACB31952A8A300C86B2D /* TestApp2.app */,
				E21EACD41952A8A400C86B2D /* TestApp2Tests.xctest */,
			);
			name = Products;
			sourceTree = "<group>";
		};
		E21EACB51952A8A300C86B2D /* Frameworks */ = {
			isa = PBXGroup;
			children = (
				E21EACB61952A8A300C86B2D /* Foundation.framework */,
				E21EACB81952A8A300C86B2D /* CoreGraphics.framework */,
				E21EACBA1952A8A300C86B2D /* UIKit.framework */,
				E21EACD51952A8A400C86B2D /* XCTest.framework */,
			);
			name = Frameworks;
			sourceTree = "<group>";
		};
		E21EACBC1952A8A300C86B2D /* TestApp2 */ = {
			isa = PBXGroup;
			children = (
				E21EACC51952A8A300C86B2D /* ExAppDelegate.h */,
				E21EACC61952A8A300C86B2D /* ExAppDelegate.m */,
				E21EACC81952A8A300C86B2D /* Main.storyboard */,
				E21EACCB1952A8A300C86B2D /* ExViewController.h */,
				E21EACCC1952A8A300C86B2D /* ExViewController.m */,
				E21EACCE1952A8A300C86B2D /* Images.xcassets */,
				E21EACBD1952A8A300C86B2D /* Supporting Files */,
			);
			path = TestApp2;
			sourceTree = "<group>";
		};
		E21EACBD1952A8A300C86B2D /* Supporting Files */ = {
			isa = PBXGroup;
			children = (
				E21EACBE1952A8A300C86B2D /* TestApp2-Info.plist */,
				E21EACBF1952A8A300C86B2D /* InfoPlist.strings */,
				E21EACC21952A8A300C86B2D /* main.m */,
				E21EACC41952A8A300C86B2D /* TestApp2-Prefix.pch */,
			);
			name = "Supporting Files";
			sourceTree = "<group>";
		};
		E21EACDB1952A8A400C86B2D /* TestApp2Tests */ = {
			isa = PBXGroup;
			children = (
				E21EACE11952A8A400C86B2D /* TestApp2Tests.m */,
				E21EACDC1952A8A400C86B2D /* Supporting Files */,
			);
			path = TestApp2Tests;
			sourceTree = "<group>";
		};
		E21EACDC1952A8A400C86B2D /* Supporting Files */ = {
			isa = PBXGroup;
			children = (
				E21EACDD1952A8A400C86B2D /* TestApp2Tests-Info.plist */,
				E21EACDE1952A8A400C86B2D /* InfoPlist.strings */,
			);
			name = "Supporting Files";
			sourceTree = "<group>";
		};
/* End PBXGroup section */

/* Begin PBXNativeTarget section */
		E21EACB21952A8A300C86B2D /* TestApp2 */ = {
			isa = PBXNativeTarget;
			buildConfigurationList = E21EACE51952A8A400C86B2D /* Build configuration list for PBXNativeTarget "TestApp2" */;
			buildPhases = (
				E21EACAF1952A8A300C86B2D /* Sources */,
				E21EACB01952A8A300C86B2D /* Frameworks */,
				E21EACB11952A8A300C86B2D /* Resources */,
			);
			buildRules = (
			);
			dependencies = (
			);
			name = TestApp2;
			productName = TestApp2;
			productReference = E21EACB31952A8A300C86B2D /* TestApp2.app */;
			productType = "com.apple.product-type.application";
		};
		E21EACD31952A8A400C86B2D /* TestApp2Tests */ = {
			isa = PBXNativeTarget;
			buildConfigurationList = E21EACE81952A8A400C86B2D /* Build configuration list for PBXNativeTarget "TestApp2Tests" */;
			buildPhases = (
				E21EACD01952A8A400C86B2D /* Sources */,
				E21EACD11952A8A400C86B2D /* Frameworks */,
				E21EACD21952A8A400C86B2D /* Resources */,
			);
			buildRules = (
			);
			dependencies = (
				E21EACDA1952A8A400C86B2D /* PBXTargetDependency */,
			);
			name = TestApp2Tests;
			productName = TestApp2Tests;
			productReference = E21EACD41952A8A400C86B2D /* TestApp2Tests.xctest */;
			productType = "com.apple.product-type.bundle.unit-test";
		};
/* End PBXNativeTarget section */

/* Begin PBXProject section */
		E21EACAB1952A8A300C86B2D /* Project object */ = {
			isa = PBXProject;
			attributes = {
				CLASSPREFIX = Ex;
				LastUpgradeCheck = 0510;
				ORGANIZATIONNAME = lifesense;
				TargetAttributes = {
					E21EACD31952A8A400C86B2D = {
						TestTargetID = E21EACB21952A8A300C86B2D;
					};
				};
			};
			buildConfigurationList = E21EACAE1952A8A300C86B2D /* Build configuration list for PBXProject "TestApp2" */;
			compatibilityVersion = "Xcode 3.2";
			developmentRegion = English;
			hasScannedForEncodings = 0;
			knownRegions = (
				en,
				Base,
			);
			mainGroup = E21EACAA1952A8A300C86B2D;
			productRefGroup = E21EACB41952A8A300C86B2D /* Products */;
			projectDirPath = "";
			projectRoot = "";
			targets = (
				E21EACB21952A8A300C86B2D /* TestApp2 */,
				E21EACD31952A8A400C86B2D /* TestApp2Tests */,
			);
		};
/* End PBXProject section */

/* Begin PBXResourcesBuildPhase section */
		E21EACB11952A8A300C86B2D /* Resources */ = {
			isa = PBXResourcesBuildPhase;
			buildActionMask = 2147483647;
			files = (
				E21EACCF1952A8A300C86B2D /* Images.xcassets in Resources */,
				E21EACC11952A8A300C86B2D /* InfoPlist.strings in Resources */,
				E21EACCA1952A8A300C86B2D /* Main.storyboard in Resources */,
			);
			runOnlyForDeploymentPostprocessing = 0;
		};
		E21EACD21952A8A400C86B2D /* Resources */ = {
			isa = PBXResourcesBuildPhase;
			buildActionMask = 2147483647;
			files = (
				E21EACE01952A8A400C86B2D /* InfoPlist.strings in Resources */,
			);
			runOnlyForDeploymentPostprocessing = 0;
		};
/* End PBXResourcesBuildPhase section */

/* Begin PBXSourcesBuildPhase section */
		E21EACAF1952A8A300C86B2D /* Sources */ = {
			isa = PBXSourcesBuildPhase;
			buildActionMask = 2147483647;
			files = (
				E21EACC31952A8A300C86B2D /* main.m in Sources */,
				E21EACC71952A8A300C86B2D /* ExAppDelegate.m in Sources */,
				E21EACCD1952A8A300C86B2D /* ExViewController.m in Sources */,
			);
			runOnlyForDeploymentPostprocessing = 0;
		};
		E21EACD01952A8A400C86B2D /* Sources */ = {
			isa = PBXSourcesBuildPhase;
			buildActionMask = 2147483647;
			files = (
				E21EACE21952A8A400C86B2D /* TestApp2Tests.m in Sources */,
			);
			runOnlyForDeploymentPostprocessing = 0;
		};
/* End PBXSourcesBuildPhase section */

/* Begin PBXTargetDependency section */
		E21EACDA1952A8A400C86B2D /* PBXTargetDependency */ = {
			isa = PBXTargetDependency;
			target = E21EACB21952A8A300C86B2D /* TestApp2 */;
			targetProxy = E21EACD91952A8A400C86B2D /* PBXContainerItemProxy */;
		};
/* End PBXTargetDependency section */

/* Begin PBXVariantGroup section */
		E21EACBF1952A8A300C86B2D /* InfoPlist.strings */ = {
			isa = PBXVariantGroup;
			children = (
				E21EACC01952A8A300C86B2D /* en */,
			);
			name = InfoPlist.strings;
			sourceTree = "<group>";
		};
		E21EACC81952A8A300C86B2D /* Main.storyboard */ = {
			isa = PBXVariantGroup;
			children = (
				E21EACC91952A8A300C86B2D /* Base */,
			);
			name = Main.storyboard;
			sourceTree = "<group>";
		};
		E21EACDE1952A8A400C86B2D /* InfoPlist.strings */ = {
			isa = PBXVariantGroup;
			children = (
				E21EACDF1952A8A400C86B2D /* en */,
			);
			name = InfoPlist.strings;
			sourceTree = "<group>";
		};
/* End PBXVariantGroup section */

/* Begin XCBuildConfiguration section */
		E21EACE31952A8A400C86B2D /* Debug */ = {
			isa = XCBuildConfiguration;
			buildSettings = {
				ALWAYS_SEARCH_USER_PATHS = NO;
				CLANG_CXX_LANGUAGE_STANDARD = "gnu++0x";
				CLANG_CXX_LIBRARY = "libc++";
				CLANG_ENABLE_MODULES = YES;
				CLANG_ENABLE_OBJC_ARC = YES;
				CLANG_WARN_BOOL_CONVERSION = YES;
				CLANG_WARN_CONSTANT_CONVERSION = YES;
				CLANG_WARN_DIRECT_OBJC_ISA_USAGE = YES_ERROR;
				CLANG_WARN_EMPTY_BODY = YES;
				CLANG_WARN_ENUM_CONVERSION = YES;
				CLANG_WARN_INT_CONVERSION = YES;
				CLANG_WARN_OBJC_ROOT_CLASS = YES_ERROR;
				CLANG_WARN__DUPLICATE_METHOD_MATCH = YES;
				"CODE_SIGN_IDENTITY[sdk=iphoneos*]" = "iPhone Developer";
				COPY_PHASE_STRIP = NO;
				GCC_C_LANGUAGE_STANDARD = gnu99;
				GCC_DYNAMIC_NO_PIC = NO;
				GCC_OPTIMIZATION_LEVEL = 0;
				GCC_PREPROCESSOR_DEFINITIONS = (
					"DEBUG=1",
					"$(inherited)",
				);
				GCC_SYMBOLS_PRIVATE_EXTERN = NO;
				GCC_WARN_64_TO_32_BIT_CONVERSION = YES;
				GCC_WARN_ABOUT_RETURN_TYPE = YES_ERROR;
				GCC_WARN_UNDECLARED_SELECTOR = YES;
				GCC_WARN_UNINITIALIZED_AUTOS = YES_AGGRESSIVE;
				GCC_WARN_UNUSED_FUNCTION = YES;
				GCC_WARN_UNUSED_VARIABLE = YES;
				IPHONEOS_DEPLOYMENT_TARGET = 7.1;
				ONLY_ACTIVE_ARCH = YES;
				SDKROOT = iphoneos;
			};
			name = Debug;
		};
		E21EACE41952A8A400C86B2D /* Release */ = {
			isa = XCBuildConfiguration;
			buildSettings = {
				ALWAYS_SEARCH_USER_PATHS = NO;
				CLANG_CXX_LANGUAGE_STANDARD = "gnu++0x";
				CLANG_CXX_LIBRARY = "libc++";
				CLANG_ENABLE_MODULES = YES;
				CLANG_ENABLE_OBJC_ARC = YES;
				CLANG_WARN_BOOL_CONVERSION = YES;
				CLANG_WARN_CONSTANT_CONVERSION = YES;
				CLANG_WARN_DIRECT_OBJC_ISA_USAGE = YES_ERROR;
				CLANG_WARN_EMPTY_BODY = YES;
				CLANG_WARN_ENUM_CONVERSION = YES;
				CLANG_WARN_INT_CONVERSION = YES;
				CLANG_WARN_OBJC_ROOT_CLASS = YES_ERROR;
				CLANG_WARN__DUPLICATE_METHOD_MATCH = YES;
				"CODE_SIGN_IDENTITY[sdk=iphoneos*]" = "iPhone Developer";
				COPY_PHASE_STRIP = YES;
				ENABLE_NS_ASSERTIONS = NO;
				GCC_C_LANGUAGE_STANDARD = gnu99;
				GCC_WARN_64_TO_32_BIT_CONVERSION = YES;
				GCC_WARN_ABOUT_RETURN_TYPE = YES_ERROR;
				GCC_WARN_UNDECLARED_SELECTOR = YES;
				GCC_WARN_UNINITIALIZED_AUTOS = YES_AGGRESSIVE;
				GCC_WARN_UNUSED_FUNCTION = YES;
				GCC_WARN_UNUSED_VARIABLE = YES;
				IPHONEOS_DEPLOYMENT_TARGET = 7.1;
				SDKROOT = iphoneos;
				VALIDATE_PRODUCT = YES;
			};
			name = Release;
		};
		E21EACE61952A8A400C86B2D /* Debug */ = {
			isa = XCBuildConfiguration;
			buildSettings = {
				ASSETCATALOG_COMPILER_APPICON_NAME = AppIcon;
				ASSETCATALOG_COMPILER_LAUNCHIMAGE_NAME = LaunchImage;
				GCC_PRECOMPILE_PREFIX_HEADER = YES;
				GCC_PREFIX_HEADER = "TestApp2/TestApp2-Prefix.pch";
				INFOPLIST_FILE = "TestApp2/TestApp2-Info.plist";
				PRODUCT_NAME = "$(TARGET_NAME)";
				WRAPPER_EXTENSION = app;
			};
			name = Debug;
		};
		E21EACE71952A8A400C86B2D /* Release */ = {
			isa = XCBuildConfiguration;
			buildSettings = {
				ASSETCATALOG_COMPILER_APPICON_NAME = AppIcon;
				ASSETCATALOG_COMPILER_LAUNCHIMAGE_NAME = LaunchImage;
				GCC_PRECOMPILE_PREFIX_HEADER = YES;
				GCC_PREFIX_HEADER = "TestApp2/TestApp2-Prefix.pch";
				INFOPLIST_FILE = "TestApp2/TestApp2-Info.plist";
				PRODUCT_NAME = "$(TARGET_NAME)";
				WRAPPER_EXTENSION = app;
			};
			name = Release;
		};
		E21EACE91952A8A400C86B2D /* Debug */ = {
			isa = XCBuildConfiguration;
			buildSettings = {
				BUNDLE_LOADER = "$(BUILT_PRODUCTS_DIR)/TestApp2.app/TestApp2";
				FRAMEWORK_SEARCH_PATHS = (
					"$(SDKROOT)/Developer/Library/Frameworks",
					"$(inherited)",
					"$(DEVELOPER_FRAMEWORKS_DIR)",
				);
				GCC_PRECOMPILE_PREFIX_HEADER = YES;
				GCC_PREFIX_HEADER = "TestApp2/TestApp2-Prefix.pch";
				GCC_PREPROCESSOR_DEFINITIONS = (
					"DEBUG=1",
					"$(inherited)",
				);
				INFOPLIST_FILE = "TestApp2Tests/TestApp2Tests-Info.plist";
				PRODUCT_NAME = "$(TARGET_NAME)";
				TEST_HOST = "$(BUNDLE_LOADER)";
				WRAPPER_EXTENSION = xctest;
			};
			name = Debug;
		};
		E21EACEA1952A8A400C86B2D /* Release */ = {
			isa = XCBuildConfiguration;
			buildSettings = {
				BUNDLE_LOADER = "$(BUILT_PRODUCTS_DIR)/TestApp2.app/TestApp2";
				FRAMEWORK_SEARCH_PATHS = (
					"$(SDKROOT)/Developer/Library/Frameworks",
					"$(inherited)",
					"$(DEVELOPER_FRAMEWORKS_DIR)",
				);
				GCC_PRECOMPILE_PREFIX_HEADER = YES;
				GCC_PREFIX_HEADER = "TestApp2/TestApp2-Prefix.pch";
				INFOPLIST_FILE = "TestApp2Tests/TestApp2Tests-Info.plist";
				PRODUCT_NAME = "$(TARGET_NAME)";
				TEST_HOST = "$(BUNDLE_LOADER)";
				WRAPPER_EXTENSION = xctest;
			};
			name = Release;
		};
/* End XCBuildConfiguration section */

/* Begin XCConfigurationList section */
		E21EACAE1952A8A300C86B2D /* Build configuration list for PBXProject "TestApp2" */ = {
			isa = XCConfigurationList;
			buildConfigurations = (
				E21EACE31952A8A400C86B2D /* Debug */,
				E21EACE41952A8A400C86B2D /* Release */,
			);
			defaultConfigurationIsVisible = 0;
			defaultConfigurationName = Release;
		};
		E21EACE51952A8A400C86B2D /* Build configuration list for PBXNativeTarget "TestApp2" */ = {
			isa = XCConfigurationList;
			buildConfigurations = (
				E21EACE61952A8A400C86B2D /* Debug */,
				E21EACE71952A8A400C86B2D /* Release */,
			);
			defaultConfigurationIsVisible = 0;
		};
		E21EACE81952A8A400C86B2D /* Build configuration list for PBXNativeTarget "TestApp2Tests" */ = {
			isa = XCConfigurationList;
			buildConfigurations = (
				E21EACE91952A8A400C86B2D /* Debug */,
				E21EACEA1952A8A400C86B2D /* Release */,
			);
			defaultConfigurationIsVisible = 0;
		};
/* End XCConfigurationList section */
	};
	rootObject = E21EACAB1952A8A300C86B2D /* Project object */;
}
